
Microsoft Visual Studio Solution File, Format Version 12.00
# Visual Studio Version 16
VisualStudioVersion = 16.0.29920.165
MinimumVisualStudioVersion = 10.0.40219.1
Project("{9A19103F-16F7-4668-BE54-9A1E7A4F7556}") = "RestBookService", "RestBookService\RestBookService.csproj", "{CCB06E51-FB66-412D-AED9-CCE639AE2F31}"
EndProject
Project("{9A19103F-16F7-4668-BE54-9A1E7A4F7556}") = "ModelLibB", "ModelLibB\ModelLibB.csproj", "{728C0569-640B-4AA5-AB9F-9D0AA7ED58B7}"
EndProject
Project("{FAE04EC0-301F-11D3-BF4B-00C04F79EFBC}") = "UnitTestProject1", "UnitTestProject1\UnitTestProject1.csproj", "{73AA789F-D3AA-43D5-8F5D-131E2369CA61}"
EndProject
Project("{FAE04EC0-301F-11D3-BF4B-00C04F79EFBC}") = "ConsumeREST", "ConsumeREST\ConsumeREST.csproj", "{A5BCECA9-7F72-4AC6-997E-6D94D555A2CE}"
EndProject
Global
	GlobalSection(SolutionConfigurationPlatforms) = preSolution
		Debug|Any CPU = Debug|Any CPU
		Release|Any CPU = Release|Any CPU
	EndGlobalSection
	GlobalSection(ProjectConfigurationPlatforms) = postSolution
		{CCB06E51-FB66-412D-AED9-CCE639AE2F31}.Debug|Any CPU.ActiveCfg = Debug|Any CPU
		{CCB06E51-FB66-412D-AED9-CCE639AE2F31}.Debug|Any CPU.Build.0 = Debug|Any CPU
		{CCB06E51-FB66-412D-AED9-CCE639AE2F31}.Release|Any CPU.ActiveCfg = Release|Any CPU
		{CCB06E51-FB66-412D-AED9-CCE639AE2F31}.Release|Any CPU.Build.0 = Release|Any CPU
		{728C0569-640B-4AA5-AB9F-9D0AA7ED58B7}.Debug|Any CPU.ActiveCfg = Debug|Any CPU
		{728C0569-640B-4AA5-AB9F-9D0AA7ED58B7}.Debug|Any CPU.Build.0 = Debug|Any CPU
		{728C0569-640B-4AA5-AB9F-9D0AA7ED58B7}.Release|Any CPU.ActiveCfg = Release|Any CPU
		{728C0569-640B-4AA5-AB9F-9D0AA7ED58B7}.Release|Any CPU.Build.0 = Release|Any CPU
		{73AA789F-D3AA-43D5-8F5D-131E2369CA61}.Debug|Any CPU.ActiveCfg = Debug|Any CPU
		{73AA789F-D3AA-43D5-8F5D-131E2369CA61}.Debug|Any CPU.Build.0 = Debug|Any CPU
		{73AA789F-D3AA-43D5-8F5D-131E2369CA61}.Release|Any CPU.ActiveCfg = Release|Any CPU
		{73AA789F-D3AA-43D5-8F5D-131E2369CA61}.Release|Any CPU.Build.0 = Release|Any CPU
		{A5BCECA9-7F72-4AC6-997E-6D94D555A2CE}.Debug|Any CPU.ActiveCfg = Debug|Any CPU
		{A5BCECA9-7F72-4AC6-997E-6D94D555A2CE}.Debug|Any CPU.Build.0 = Debug|Any CPU
		{A5BCECA9-7F72-4AC6-997E-6D94D555A2CE}.Release|Any CPU.ActiveCfg = Release|Any CPU
		{A5BCECA9-7F72-4AC6-997E-6D94D555A2CE}.Release|Any CPU.Build.0 = Release|Any CPU
	EndGlobalSection
	GlobalSection(SolutionProperties) = preSolution
		HideSolutionNode = FALSE
	EndGlobalSection
	GlobalSection(ExtensibilityGlobals) = postSolution
		SolutionGuid = {3D325786-0C9A-4ECA-8F84-AF4E33DECB1B}
	EndGlobalSection
EndGlobal
